
Microsoft Visual Studio Solution File, Format Version 12.00
# Visual Studio 15
VisualStudioVersion = 15.0.26730.8
MinimumVisualStudioVersion = 10.0.40219.1
Project("{FAE04EC0-301F-11D3-BF4B-00C04F79EFBC}") = "BeautyInstrumentSimulator", "BeautyInstrumentSimulator\BeautyInstrumentSimulator.csproj", "{FE96709D-BB00-4FAF-A1B9-15A8CCFC76CB}"
EndProject
Global
	GlobalSection(SolutionConfigurationPlatforms) = preSolution
		Debug|Any CPU = Debug|Any CPU
		Release|Any CPU = Release|Any CPU
	EndGlobalSection
	GlobalSection(ProjectConfigurationPlatforms) = postSolution
		{FE96709D-BB00-4FAF-A1B9-15A8CCFC76CB}.Debug|Any CPU.ActiveCfg = Debug|Any CPU
		{FE96709D-BB00-4FAF-A1B9-15A8CCFC76CB}.Debug|Any CPU.Build.0 = Debug|Any CPU
		{FE96709D-BB00-4FAF-A1B9-15A8CCFC76CB}.Release|Any CPU.ActiveCfg = Release|Any CPU
		{FE96709D-BB00-4FAF-A1B9-15A8CCFC76CB}.Release|Any CPU.Build.0 = Release|Any CPU
	EndGlobalSection
	GlobalSection(SolutionProperties) = preSolution
		HideSolutionNode = FALSE
	EndGlobalSection
	GlobalSection(ExtensibilityGlobals) = postSolution
		SolutionGuid = {ED92EE3D-4631-402A-8F5B-146C442B3003}
	EndGlobalSection
EndGlobal
